
Microsoft Visual Studio Solution File, Format Version 12.00
# Visual Studio Version 16
VisualStudioVersion = 16.0.30011.22
MinimumVisualStudioVersion = 10.0.40219.1
Project("{FAE04EC0-301F-11D3-BF4B-00C04F79EFBC}") = "Enceladus.AIO", "Enceladus.AIO\Enceladus.AIO.csproj", "{F8206F69-597B-41BE-A910-4F00BBF52C58}"
EndProject
Global
	GlobalSection(SolutionConfigurationPlatforms) = preSolution
		Debug|Any CPU = Debug|Any CPU
		Release|Any CPU = Release|Any CPU
	EndGlobalSection
	GlobalSection(ProjectConfigurationPlatforms) = postSolution
		{F8206F69-597B-41BE-A910-4F00BBF52C58}.Debug|Any CPU.ActiveCfg = Debug|Any CPU
		{F8206F69-597B-41BE-A910-4F00BBF52C58}.Debug|Any CPU.Build.0 = Debug|Any CPU
		{F8206F69-597B-41BE-A910-4F00BBF52C58}.Release|Any CPU.ActiveCfg = Release|Any CPU
		{F8206F69-597B-41BE-A910-4F00BBF52C58}.Release|Any CPU.Build.0 = Release|Any CPU
	EndGlobalSection
	GlobalSection(SolutionProperties) = preSolution
		HideSolutionNode = FALSE
	EndGlobalSection
	GlobalSection(ExtensibilityGlobals) = postSolution
		SolutionGuid = {51926A58-CE70-4D05-97FD-3ED354B0AF82}
	EndGlobalSection
EndGlobal
